uuid: f9993457-b78e-43bd-a805-cad60aefa481
langcode: en
status: true
dependencies:
  module:
    - lex_calendar
    - node
  theme:
    - lex
id: eventsblock
theme: lex
region: sidebar
weight: 0
provider: null
plugin: Lex_calendar_list_block
settings:
  id: Lex_calendar_list_block
  label: Events
  provider: lex_calendar
  label_display: visible
  display_limit: '5'
  content_type: event
visibility:
  node_type:
    id: node_type
    bundles:
      organization_page: organization_page
      page: page
    negate: false
    context_mapping:
      node: '@node.node_route_context:node'
