uuid: 6f86af5a-a83f-42cf-9ec5-1c8846a30a9b
langcode: en
status: true
dependencies:
  module:
    - lex_calendar
    - node
  theme:
    - lex_police
id: policeeventsblock
theme: lex_police
region: sidebar
weight: -20
provider: null
plugin: Lex_calendar_list_block
settings:
  id: Lex_calendar_list_block
  label: Events
  provider: lex_calendar
  label_display: visible
  display_limit: '5'
  content_type: event
  show_all: 'no'
visibility:
  node_type:
    id: node_type
    bundles:
      news_article: news_article
      organization_page: organization_page
      page: page
    negate: false
    context_mapping:
      node: '@node.node_route_context:node'
