uuid: 54d3f7dd-5c4c-4292-b359-ac33f4983015
langcode: en
status: true
dependencies:
  module:
    - lex_calendar
    - node
  theme:
    - lex_police
id: policemeetingblock
theme: lex_police
region: sidebar
weight: 0
provider: null
plugin: Lex_calendar_list_block
settings:
  id: Lex_calendar_list_block
  label: Meetings
  provider: lex_calendar
  label_display: visible
  display_limit: '5'
  content_type: meeting
  show_all: 'no'
visibility:
  node_type:
    id: node_type
    bundles:
      news_article: news_article
      organization_page: organization_page
      page: page
    negate: false
    context_mapping:
      node: '@node.node_route_context:node'
