uuid: 7fec1b09-c14c-496a-97ea-ad571d2e101b
langcode: en
status: true
dependencies:
  config:
    - views.view.boards_directory
  module:
    - system
    - views
  theme:
    - lfucg
id: lfucg_views_block__boards_directory_block
theme: lfucg
region: top_header
weight: -25
provider: null
plugin: 'views_block:boards_directory-block_1'
settings:
  id: 'views_block:boards_directory-block_1'
  label: ''
  provider: views
  label_display: '0'
  views_label: ''
  items_per_page: none
visibility:
  request_path:
    id: request_path
    pages: /browse/government/boards-commissions
    negate: false
    context_mapping: {  }
