uuid: 1afd2799-55e0-4c02-9591-23da0a138af3
langcode: en
status: true
dependencies:
  config:
    - views.view.police_top_services
  module:
    - views
  theme:
    - lex_police
id: views_block__police_top_services_block
theme: lex_police
region: sidebar
weight: -29
provider: null
plugin: 'views_block:police_top_services-block_1'
settings:
  id: 'views_block:police_top_services-block_1'
  label: ''
  provider: views
  label_display: visible
  views_label: ''
  items_per_page: none
visibility: {  }
