uuid: 37bdc640-3478-4d31-9529-7c776d4a9bdb
langcode: en
status: true
dependencies:
  module:
    - lex_calendar
    - node
  theme:
    - lfucg
id: lfucg_eventsblock
theme: lfucg
region: top_header
weight: -18
provider: null
plugin: Lex_calendar_list_block
settings:
  id: Lex_calendar_list_block
  label: Events
  provider: lex_calendar
  label_display: visible
  display_limit: '10'
  content_type: event
  show_all: 'no'
visibility:
  node_type:
    id: node_type
    bundles:
      board_commission: board_commission
      organization_page: organization_page
      page: page
    negate: false
    context_mapping:
      node: '@node.node_route_context:node'
