uuid: 3c37b4e1-55eb-48ea-8f00-da8530a92cd0
langcode: en
status: false
dependencies:
  content:
    - 'block_content:html_block:f16a0897-2dc2-46e5-8200-ca7cf5cf3123'
  module:
    - block_content
    - system
  theme:
    - lex
id: mayors_office_block
theme: lex
region: '-1'
weight: -12
provider: null
plugin: 'block_content:f16a0897-2dc2-46e5-8200-ca7cf5cf3123'
settings:
  id: 'block_content:f16a0897-2dc2-46e5-8200-ca7cf5cf3123'
  label: 'Mayor''s Office'
  provider: block_content
  label_display: visible
  status: true
  info: ''
  view_mode: full
visibility:
  request_path:
    id: request_path
    pages: '<front>'
    negate: false
    context_mapping: {  }
