uuid: b0dfff12-9525-4cfa-9c7e-4691196c3245
langcode: en
status: false
dependencies:
  config:
    - views.view.boards_directory
  module:
    - system
    - views
  theme:
    - lex_police
id: lex_police_views_block__boards_directory_block
theme: lex_police
region: '-1'
weight: -26
provider: null
plugin: 'views_block:boards_directory-block_1'
settings:
  id: 'views_block:boards_directory-block_1'
  label: ''
  provider: views
  label_display: '0'
  views_label: ''
  items_per_page: none
visibility:
  request_path:
    id: request_path
    pages: /browse/government/boards-commissions
    negate: false
    context_mapping: {  }
