uuid: ac0d9a4b-6f30-4b96-8572-24b7cb65cec4
langcode: en
status: true
dependencies:
  config:
    - views.view.site_wide_notice
  module:
    - views
  theme:
    - lex_police
id: lex_police_views_block__site_wide_notice_block
theme: lex_police
region: notices
weight: -28
provider: null
plugin: 'views_block:site_wide_notice-block_1'
settings:
  id: 'views_block:site_wide_notice-block_1'
  label: ''
  provider: views
  label_display: '0'
  views_label: ''
  items_per_page: none
visibility: {  }
