uuid: dc2864a1-bd71-4ec0-bdfd-cf0fcab47699
langcode: en
status: true
dependencies:
  config:
    - views.view.site_wide_notice
  module:
    - views
  theme:
    - lex
id: views_block__site_wide_notice_block
theme: lex
region: help
weight: null
provider: null
plugin: 'views_block:site_wide_notice-block_1'
settings:
  id: 'views_block:site_wide_notice-block_1'
  label: ''
  provider: views
  label_display: '0'
  views_label: ''
  items_per_page: none
visibility: {  }
