uuid: 0ef07e33-b253-4b55-9a6b-615b91704460
langcode: en
status: true
dependencies:
  config:
    - views.view.site_wide_notice
  module:
    - views
  theme:
    - lex_planning_commission
id: lex_planning_commission_views_block__site_wide_notice_block
theme: lex_planning_commission
region: notices
weight: -25
provider: null
plugin: 'views_block:site_wide_notice-block_1'
settings:
  id: 'views_block:site_wide_notice-block_1'
  label: ''
  provider: views
  label_display: '0'
  views_label: ''
  items_per_page: none
visibility: {  }
