uuid: 0dfa6577-a895-4c82-bb7d-7221c698dd70
langcode: en
status: true
dependencies:
  module:
    - lookup_services
    - system
  theme:
    - lex
id: lookupservicesblock
theme: lex
region: breadcrumb
weight: -16
provider: null
plugin: lookup_services_block
settings:
  id: lookup_services_block
  label: 'Lookup Services block'
  provider: lookup_services
  label_display: '0'
  lookup_services_block_settings: null
visibility:
  request_path:
    id: request_path
    pages: '<front>'
    negate: false
    context_mapping: {  }
