uuid: 2012c969-efeb-45de-b42f-c99049ee7a60
langcode: en
status: true
dependencies:
  module:
    - lex_calendar
  theme:
    - lex_home
id: homemeetingsblock
theme: lex_home
region: sidebar
weight: 0
provider: null
plugin: home_meetings_block
settings:
  id: home_meetings_block
  label: Meetings
  provider: lex_calendar
  label_display: visible
visibility: {  }
