uuid: 255b73f0-fee7-4b4c-9969-c8a50698d87e
langcode: en
status: true
dependencies:
  module:
    - lex_calendar
  theme:
    - lex_home
id: homeeventsblock
theme: lex_home
region: sidebar
weight: 0
provider: null
plugin: home_events_block
settings:
  id: home_events_block
  label: Events
  provider: lex_calendar
  label_display: visible
visibility: {  }
