uuid: 550d10a0-89d7-4985-bac5-19c4bdecf4ae
langcode: en
status: false
dependencies:
  content:
    - 'block_content:html_block:f16a0897-2dc2-46e5-8200-ca7cf5cf3123'
  module:
    - block_content
    - system
  theme:
    - lex_police
id: lex_police_mayors_office_block
theme: lex_police
region: notices
weight: -13
provider: null
plugin: 'block_content:f16a0897-2dc2-46e5-8200-ca7cf5cf3123'
settings:
  id: 'block_content:f16a0897-2dc2-46e5-8200-ca7cf5cf3123'
  label: 'Mayor''s Office'
  provider: block_content
  label_display: visible
  status: true
  info: ''
  view_mode: full
visibility:
  request_path:
    id: request_path
    pages: '<front>'
    negate: false
    context_mapping: {  }
