uuid: ccdbe021-8471-48f2-af83-13286b950b71
langcode: en
status: true
dependencies:
  config:
    - views.view.my_recent_edits
  module:
    - system
    - views
  theme:
    - lex_admin
id: views_block__my_recent_edits_block
theme: lex_admin
region: content
weight: -3
provider: null
plugin: 'views_block:my_recent_edits-block_1'
settings:
  id: 'views_block:my_recent_edits-block_1'
  label: ''
  label_display: visible
  provider: views
  views_label: ''
  items_per_page: none
visibility:
  request_path:
    id: request_path
    negate: false
    context_mapping: {  }
    pages: /admin/content
