uuid: de265b9b-5f5f-46f2-a83a-9bf61a0e9847
langcode: en
status: true
dependencies:
  module:
    - lookup_services
    - system
  theme:
    - lex_economic_development
id: lex_economic_development_lookupservicesblock
theme: lex_economic_development
region: breadcrumb
weight: -14
provider: null
plugin: lookup_services_block
settings:
  id: lookup_services_block
  label: 'Lookup Services block'
  label_display: '0'
  provider: lookup_services
  lookup_services_block_settings: null
visibility:
  request_path:
    id: request_path
    negate: false
    context_mapping: {  }
    pages: '<front>'
