uuid: a0636e3b-1082-42d1-b050-728ab6069fcd
langcode: en
status: true
dependencies:
  config:
    - views.view.site_wide_notice
  module:
    - views
  theme:
    - bootstrap_barrio
id: bootstrap_barrio_views_block__site_wide_notice_block
theme: bootstrap_barrio
region: top_header
weight: -25
provider: null
plugin: 'views_block:site_wide_notice-block_1'
settings:
  id: 'views_block:site_wide_notice-block_1'
  label: ''
  label_display: '0'
  provider: views
  views_label: ''
  items_per_page: none
visibility: {  }
